# This file is automatically @generated by Cargo.
# It is not intended for manual editing.
version = 4

[[package]]
name = "competitive-programming-cli"
version = "0.1.0"
dependencies = [
 "usage",
]

[[package]]
name = "usage"
version = "1.4.0"
source = "registry+https://github.com/rust-lang/crates.io-index"
checksum = "18f085568a80b1f00b85ba74e8df401787f185f39053472df6a030f8ed0b6558"
