# @generated - this file is auto-generated by `mise lock` https://mise.jdx.dev/dev-tools/mise-lock.html

lockfile_version = 1

[[tools.aube]]
version = "1.25.1"
backend = "aqua:jdx/aube"
specifiers = ["latest"]

[tools.aube."platforms.linux-arm64"]
checksum = "sha256:c7efb8a0ebd8d83ac8a1c96d388b582fd2f28bae80ed81b3786e2a63d871babe"
url = "https://github.com/jdx/aube/releases/download/v1.25.1/aube-v1.25.1-aarch64-unknown-linux-gnu.tar.gz"
url_api = "https://api.github.com/repos/jdx/aube/releases/assets/458188072"

[tools.aube."platforms.linux-arm64-musl"]
checksum = "sha256:e5d374a6f12e0b7b71dada6e20a3a6d5e6698f235701b0ab13d2909de14592f9"
url = "https://github.com/jdx/aube/releases/download/v1.25.1/aube-v1.25.1-aarch64-unknown-linux-musl.tar.gz"
url_api = "https://api.github.com/repos/jdx/aube/releases/assets/458167595"

[tools.aube."platforms.linux-x64"]
checksum = "sha256:a17b12e647cf2e60998c8f6eddfb1c0d0375196fcc7c2bf05d5fc5305744638f"
url = "https://github.com/jdx/aube/releases/download/v1.25.1/aube-v1.25.1-x86_64-unknown-linux-gnu.tar.gz"
url_api = "https://api.github.com/repos/jdx/aube/releases/assets/458172538"

[tools.aube."platforms.linux-x64-musl"]
checksum = "sha256:7ee31f7a32dec01348e5a12e05d78f311c53ab7fb6667b19a41e182042d1c952"
url = "https://github.com/jdx/aube/releases/download/v1.25.1/aube-v1.25.1-x86_64-unknown-linux-musl.tar.gz"
url_api = "https://api.github.com/repos/jdx/aube/releases/assets/458171992"

[tools.aube."platforms.macos-arm64"]
checksum = "sha256:3d99c9c6d9d20f271312db39c46022898d765b6a407574f59d6accb0a430ee32"
url = "https://github.com/jdx/aube/releases/download/v1.25.1/aube-v1.25.1-aarch64-apple-darwin.tar.gz"
url_api = "https://api.github.com/repos/jdx/aube/releases/assets/458198306"

[tools.aube."platforms.windows-x64"]
checksum = "sha256:924c879cc92782e3ae8eb0a941b1c5d8d4d8e2bed87822fe6ebe628d40b1f276"
url = "https://github.com/jdx/aube/releases/download/v1.25.1/aube-v1.25.1-x86_64-pc-windows-msvc.zip"
url_api = "https://api.github.com/repos/jdx/aube/releases/assets/458178696"

[[tools."github:asciinema/asciinema"]]
version = "3.2.1"
backend = "github:asciinema/asciinema"
specifiers = [
    "3.2.1",
    "latest",
]

[tools."github:asciinema/asciinema"."platforms.linux-arm64"]
checksum = "sha256:b516a6d896844c0ffbc96e0a55afe4cbcc79216abde0fc64fdda4e39bee421ea"
url = "https://github.com/asciinema/asciinema/releases/download/v3.2.1/asciinema-aarch64-unknown-linux-gnu"
url_api = "https://api.github.com/repos/asciinema/asciinema/releases/assets/449290064"

[tools."github:asciinema/asciinema"."platforms.linux-arm64-musl"]
checksum = "sha256:b516a6d896844c0ffbc96e0a55afe4cbcc79216abde0fc64fdda4e39bee421ea"
url = "https://github.com/asciinema/asciinema/releases/download/v3.2.1/asciinema-aarch64-unknown-linux-gnu"
url_api = "https://api.github.com/repos/asciinema/asciinema/releases/assets/449290064"

[tools."github:asciinema/asciinema"."platforms.linux-x64"]
checksum = "sha256:1b405bbda565b33c3c4718de67fedc3535580603c0694b1ff3fb04f363430a20"
url = "https://github.com/asciinema/asciinema/releases/download/v3.2.1/asciinema-x86_64-unknown-linux-gnu"
url_api = "https://api.github.com/repos/asciinema/asciinema/releases/assets/449289226"

[tools."github:asciinema/asciinema"."platforms.linux-x64-musl"]
checksum = "sha256:bec9781bc8f297a9d3d74ff60205599507f2abba1183578b8b2f22be4c999214"
url = "https://github.com/asciinema/asciinema/releases/download/v3.2.1/asciinema-x86_64-unknown-linux-musl"
url_api = "https://api.github.com/repos/asciinema/asciinema/releases/assets/449289811"

[tools."github:asciinema/asciinema"."platforms.macos-arm64"]
checksum = "sha256:1f0c76da7855601df93e5dccdf69b7c683b81beff1411e38b3802de1f5fc7a1c"
url = "https://github.com/asciinema/asciinema/releases/download/v3.2.1/asciinema-aarch64-apple-darwin"
url_api = "https://api.github.com/repos/asciinema/asciinema/releases/assets/449290357"

[tools."github:asciinema/asciinema"."platforms.macos-x64"]
checksum = "sha256:1b388af0e1566ab19deea663b0ce64730ad46ade2825fadd43cc88f0bd28140a"
url = "https://github.com/asciinema/asciinema/releases/download/v3.2.1/asciinema-x86_64-apple-darwin"
url_api = "https://api.github.com/repos/asciinema/asciinema/releases/assets/449290107"

[[tools.node]]
version = "24.20.0"
backend = "core:node"
specifiers = ["24"]

[tools.node."platforms.linux-arm64"]
checksum = "sha256:3515603e2487879a39bc75716f1a2affd027500c64ba50e845cf72cb33219013"
url = "https://nodejs.org/dist/v24.20.0/node-v24.20.0-linux-arm64.tar.gz"

[tools.node."platforms.linux-arm64-musl"]
checksum = "sha256:2c8c507ccb0f20812d9526ba8ca454b1652aadef68fc8bad06f07fb1122dd1ef"
url = "https://unofficial-builds.nodejs.org/download/release/v24.20.0/node-v24.20.0-linux-arm64-musl.tar.gz"

[tools.node."platforms.linux-x64"]
checksum = "sha256:855d581f8a4eb1a8117e3426de25fe02770592febcfb31369aee1ffbfee9e8ec"
url = "https://nodejs.org/dist/v24.20.0/node-v24.20.0-linux-x64.tar.gz"

[tools.node."platforms.linux-x64-musl"]
checksum = "sha256:9ae1399fef4bd8990e15773ce1327b336a20b9e97d8c7549f4f42ca73c43f562"
url = "https://unofficial-builds.nodejs.org/download/release/v24.20.0/node-v24.20.0-linux-x64-musl.tar.gz"

[tools.node."platforms.macos-arm64"]
checksum = "sha256:40e5607e5ecb3db9192723776da2d75d966260fc74a7a9e731c1bd67dda96bc8"
url = "https://nodejs.org/dist/v24.20.0/node-v24.20.0-darwin-arm64.tar.gz"

[tools.node."platforms.macos-x64"]
checksum = "sha256:9e5b2644cf107befb6aefca676b96d3296bc10138096f022ed378d6233ed81f4"
url = "https://nodejs.org/dist/v24.20.0/node-v24.20.0-darwin-x64.tar.gz"

[tools.node."platforms.windows-x64"]
checksum = "sha256:6cac9ffbca8f6a47091e4b5c772e0606049c3871cb67d900c0cedde630e545ba"
url = "https://nodejs.org/dist/v24.20.0/node-v24.20.0-win-x64.zip"

[[tools.ttyd]]
version = "1.7.7"
backend = "aqua:tsl0922/ttyd"
specifiers = ["latest"]

[tools.ttyd."platforms.linux-arm64"]
url = "https://github.com/tsl0922/ttyd/releases/download/1.7.7/ttyd.aarch64"
url_api = "https://api.github.com/repos/tsl0922/ttyd/releases/assets/159377644"

[tools.ttyd."platforms.linux-arm64-musl"]
url = "https://github.com/tsl0922/ttyd/releases/download/1.7.7/ttyd.aarch64"
url_api = "https://api.github.com/repos/tsl0922/ttyd/releases/assets/159377644"

[tools.ttyd."platforms.linux-x64"]
checksum = "blake3:6ed0d916345e111411cdc7f7d649bcb984ec1ee603d470b2151ac0a31b9585a4"
url = "https://github.com/tsl0922/ttyd/releases/download/1.7.7/ttyd.x86_64"
url_api = "https://api.github.com/repos/tsl0922/ttyd/releases/assets/159377628"

[tools.ttyd."platforms.linux-x64-musl"]
url = "https://github.com/tsl0922/ttyd/releases/download/1.7.7/ttyd.x86_64"
url_api = "https://api.github.com/repos/tsl0922/ttyd/releases/assets/159377628"

[tools.ttyd."platforms.windows-x64"]
url = "https://github.com/tsl0922/ttyd/releases/download/1.7.7/ttyd.win32.exe"
url_api = "https://api.github.com/repos/tsl0922/ttyd/releases/assets/159377630"

[[tools.usage]]
version = "6.6.1"
backend = "aqua:jdx/usage"
specifiers = ["latest"]

[tools.usage."platforms.linux-arm64"]
checksum = "sha256:1828f1b23b8c0b0e587bf01e1c4204c3b2481571c0c14fcc82ce6dd761aba85f"
url = "https://github.com/jdx/usage/releases/download/v6.6.1/usage-aarch64-unknown-linux-gnu.tar.gz"
url_api = "https://api.github.com/repos/jdx/usage/releases/assets/539822349"

[tools.usage."platforms.linux-arm64-musl"]
checksum = "sha256:f04a1986e92d4d5043673a0c4b888a098cff84cc7ddcbd86fc4d06382cf0d224"
url = "https://github.com/jdx/usage/releases/download/v6.6.1/usage-aarch64-unknown-linux-musl.tar.gz"
url_api = "https://api.github.com/repos/jdx/usage/releases/assets/539822773"

[tools.usage."platforms.linux-x64"]
checksum = "sha256:f159816540a3b813d51458ff25344a888e772d9e03d13006140ec5b42023a06e"
url = "https://github.com/jdx/usage/releases/download/v6.6.1/usage-x86_64-unknown-linux-gnu.tar.gz"
url_api = "https://api.github.com/repos/jdx/usage/releases/assets/539822350"

[tools.usage."platforms.linux-x64-musl"]
checksum = "sha256:6a40c132fdc33a3ac738f5f488ace9945f387e945e2a9dc423006e7288d46dab"
url = "https://github.com/jdx/usage/releases/download/v6.6.1/usage-x86_64-unknown-linux-musl.tar.gz"
url_api = "https://api.github.com/repos/jdx/usage/releases/assets/539823684"

[tools.usage."platforms.macos-arm64"]
checksum = "sha256:2cd11077e8b62c65687c84eab29dae429985acfdea3847b3775a99677f5d6408"
url = "https://github.com/jdx/usage/releases/download/v6.6.1/usage-universal-apple-darwin.tar.gz"
url_api = "https://api.github.com/repos/jdx/usage/releases/assets/539847849"

[tools.usage."platforms.macos-x64"]
checksum = "sha256:2cd11077e8b62c65687c84eab29dae429985acfdea3847b3775a99677f5d6408"
url = "https://github.com/jdx/usage/releases/download/v6.6.1/usage-universal-apple-darwin.tar.gz"
url_api = "https://api.github.com/repos/jdx/usage/releases/assets/539847849"

[tools.usage."platforms.windows-x64"]
checksum = "sha256:ecfbf6c425e473fe6bf42e14cbf8ff9e0a87b5dce87f40754cea41ddbfabdd29"
url = "https://github.com/jdx/usage/releases/download/v6.6.1/usage-x86_64-pc-windows-msvc.zip"
url_api = "https://api.github.com/repos/jdx/usage/releases/assets/539826464"

[[tools.vhs]]
version = "0.10.0"
backend = "aqua:charmbracelet/vhs"
specifiers = ["0.10.0"]

[tools.vhs."platforms.linux-arm64"]
checksum = "sha256:6d7300028d4641b9dc004a05cf411d40f1e12e560cc6fca985dd90504b6652a7"
url = "https://github.com/charmbracelet/vhs/releases/download/v0.10.0/vhs_0.10.0_Linux_arm64.tar.gz"
url_api = "https://api.github.com/repos/charmbracelet/vhs/releases/assets/264847395"

[tools.vhs."platforms.linux-arm64-musl"]
checksum = "sha256:6d7300028d4641b9dc004a05cf411d40f1e12e560cc6fca985dd90504b6652a7"
url = "https://github.com/charmbracelet/vhs/releases/download/v0.10.0/vhs_0.10.0_Linux_arm64.tar.gz"
url_api = "https://api.github.com/repos/charmbracelet/vhs/releases/assets/264847395"

[tools.vhs."platforms.linux-x64"]
checksum = "sha256:b552c3870aca101dcafe533cfef32dceb7b783400ad32642e728775c9f125407"
url = "https://github.com/charmbracelet/vhs/releases/download/v0.10.0/vhs_0.10.0_Linux_x86_64.tar.gz"
url_api = "https://api.github.com/repos/charmbracelet/vhs/releases/assets/264847388"

[tools.vhs."platforms.linux-x64-musl"]
checksum = "sha256:b552c3870aca101dcafe533cfef32dceb7b783400ad32642e728775c9f125407"
url = "https://github.com/charmbracelet/vhs/releases/download/v0.10.0/vhs_0.10.0_Linux_x86_64.tar.gz"
url_api = "https://api.github.com/repos/charmbracelet/vhs/releases/assets/264847388"

[tools.vhs."platforms.macos-arm64"]
checksum = "sha256:dc256c403305ac8ba623563d0ef3241a38024f35b27c705f79d523e9da618012"
url = "https://github.com/charmbracelet/vhs/releases/download/v0.10.0/vhs_0.10.0_Darwin_arm64.tar.gz"
url_api = "https://api.github.com/repos/charmbracelet/vhs/releases/assets/264847398"

[tools.vhs."platforms.macos-x64"]
checksum = "sha256:0ef1ae1f399dc837204aa737d375a44cddb0a605be3c32eaa659d4e6a5ad0b70"
url = "https://github.com/charmbracelet/vhs/releases/download/v0.10.0/vhs_0.10.0_Darwin_x86_64.tar.gz"
url_api = "https://api.github.com/repos/charmbracelet/vhs/releases/assets/264847396"

[tools.vhs."platforms.windows-x64"]
checksum = "sha256:7f5cffbbd01fe4229af0540856ddc0da933af0c16c05b1fbe62e0ef2097038a8"
url = "https://github.com/charmbracelet/vhs/releases/download/v0.10.0/vhs_0.10.0_Windows_x86_64.zip"
url_api = "https://api.github.com/repos/charmbracelet/vhs/releases/assets/264847397"
